
Microsoft Visual Studio Solution File, Format Version 12.00
# Visual Studio 15
VisualStudioVersion = 15.0.27130.2027
MinimumVisualStudioVersion = 10.0.40219.1
Project("{FAE04EC0-301F-11D3-BF4B-00C04F79EFBC}") = "GoiPlayerProfileDB", "GoiPlayerProfileDB\GoiPlayerProfileDB.csproj", "{581DAAD9-E425-458B-A359-17FCDFD3712B}"
EndProject
Project("{FAE04EC0-301F-11D3-BF4B-00C04F79EFBC}") = "GoiPlayerProfileDBTests", "GoiPlayerProfileDBTests\GoiPlayerProfileDBTests.csproj", "{E81E2492-8075-47FE-A971-1FDBDF53489A}"
EndProject
Global
	GlobalSection(SolutionConfigurationPlatforms) = preSolution
		Debug|Any CPU = Debug|Any CPU
		Release|Any CPU = Release|Any CPU
	EndGlobalSection
	GlobalSection(ProjectConfigurationPlatforms) = postSolution
		{581DAAD9-E425-458B-A359-17FCDFD3712B}.Debug|Any CPU.ActiveCfg = Debug|Any CPU
		{581DAAD9-E425-458B-A359-17FCDFD3712B}.Debug|Any CPU.Build.0 = Debug|Any CPU
		{581DAAD9-E425-458B-A359-17FCDFD3712B}.Release|Any CPU.ActiveCfg = Release|Any CPU
		{581DAAD9-E425-458B-A359-17FCDFD3712B}.Release|Any CPU.Build.0 = Release|Any CPU
		{E81E2492-8075-47FE-A971-1FDBDF53489A}.Debug|Any CPU.ActiveCfg = Debug|Any CPU
		{E81E2492-8075-47FE-A971-1FDBDF53489A}.Debug|Any CPU.Build.0 = Debug|Any CPU
		{E81E2492-8075-47FE-A971-1FDBDF53489A}.Release|Any CPU.ActiveCfg = Release|Any CPU
		{E81E2492-8075-47FE-A971-1FDBDF53489A}.Release|Any CPU.Build.0 = Release|Any CPU
	EndGlobalSection
	GlobalSection(SolutionProperties) = preSolution
		HideSolutionNode = FALSE
	EndGlobalSection
	GlobalSection(ExtensibilityGlobals) = postSolution
		SolutionGuid = {AFCFE192-69CE-46AA-AC0D-E67EE77D44E7}
	EndGlobalSection
EndGlobal
